{
    "_meta": {
        "hash": {
            "sha256": "9ab29aed96074e8ab80e45c377e03d64b25605309516d471710c797ce3669bdc"
        },
        "pipfile-spec": 6,
        "requires": {
            "python_version": "3.6"
        },
        "sources": [
            {
                "url": "https://pypi.python.org/simple",
                "verify_ssl": true
            }
        ]
    },
    "default": {
        "dawg-python": {
            "hashes": [
                "sha256:4941d5df081b8d6fcb4597e073a9f60d5c1ccc9d17cd733e8744d7ecfec94ef3",
                "sha256:4a5e3286e6261cca02f205cfd5516a7ab10190fa30c51c28d345808f595e3421"
            ],
            "version": "==0.7.2"
        },
        "docopt": {
            "hashes": [
                "sha256:49b3a825280bd66b3aa83585ef59c4a8c82f2c8a522dbe754a8bc8d08c85c491"
            ],
            "version": "==0.6.2"
        },
        "nltk": {
            "hashes": [
                "sha256:2661f9971d983db314bbebd51ba770811a362c6597fd0f303bb1d3beadcb4834"
            ],
            "version": "==3.2.5"
        },
        "pyaspeller": {
            "hashes": [
                "sha256:65bc29c4a5942a763c04687d077e203fe2032491cc83628a60435a66a030f10c",
                "sha256:b874a14ed26d31f45427dd2a9c10fe6ac772db3692ce37c7ee6d3bc5d789d3a1"
            ],
            "version": "==0.1.0"
        },
        "pymorphy2": {
            "hashes": [
                "sha256:3092c21f5e6f78a3a2fa54011236f975cbff8df29827ed6661cf4bde9aacdb8f",
                "sha256:549a1141abe01093242b9e11a1f60110ee4818f7fe57c9bb363e504339f382f5"
            ],
            "version": "==0.8"
        },
        "pymorphy2-dicts": {
            "hashes": [
                "sha256:70d3e33fa28108a2dfcded787c7a5946c6ab88bb669b3afb20f8c447aadec924",
                "sha256:be7c6402b5f0919c1c942f07f89a7f53c70f6266a035fa0a561b23807ac79e4a",
                "sha256:d563f2c7673fc28583550780e21440764eb0168b57d498ec07e346da70ce0b3c"
            ],
            "version": "==2.4.393442.3710985"
        },
        "pytelegrambotapi": {
            "hashes": [
                "sha256:b8bca082b96122d1b6dc2d1dbc3c6cef4c1f520e0ab0ee06999b853abb93ec65"
            ],
            "version": "==3.6.1"
        },
        "requests": {
            "hashes": [
                "sha256:20f976cdce02a42b69ce80e9e03897a51814b36d448b37288546086ebc473146",
                "sha256:398a3db6d61899d25fd4a06c6ca12051b0ce171d705decd7ed5511517b4bb93d"
            ],
            "version": "==2.7.0"
        },
        "six": {
            "hashes": [
                "sha256:3350809f0555b11f552448330d0b52d5f24c91a322ea4a15ef22629740f3761c",
                "sha256:d16a0141ec1a18405cd4ce8b4613101da75da0e9a7aec5bdd4fa804d0e0eba73"
            ],
            "version": "==1.12.0"
        },
        "telebot": {
            "hashes": [
                "sha256:f9f9dfd706de3ea10d1bb626dc8c453f98b8daaabfdd11030ea7506ced0a914a"
            ],
            "version": "==0.0.3"
        },
        "transitions": {
            "hashes": [
                "sha256:56c41ae6d7d966b493864da7f3cc332f86c5beb43546c823f480c67d9ed47dc6",
                "sha256:e3f9869eb396acc71ea608c0ae8db48f8bfff51d87d45723ae558e9e03c4eaae"
            ],
            "version": "==0.6.4"
        },
        "urllib3": {
            "hashes": [
                "sha256:4c291ca23bbb55c76518905869ef34bdd5f0e46af7afe6861e8375643ffee1a0",
                "sha256:9a247273df709c4fedb38c711e44292304f73f39ab01beda9f6b9fc375669ac3"
            ],
            "version": "==1.24.2"
        }
    },
    "develop": {}
}
